
Microsoft Visual Studio Solution File, Format Version 12.00
# Visual Studio Version 16
VisualStudioVersion = 16.0.31613.86
MinimumVisualStudioVersion = 10.0.40219.1
Project("{FAE04EC0-301F-11D3-BF4B-00C04F79EFBC}") = "TwoSum", "TwoSum\TwoSum.csproj", "{02016419-C94A-4970-9A9F-DC1293D93BCC}"
EndProject
Global
	GlobalSection(SolutionConfigurationPlatforms) = preSolution
		Debug|Any CPU = Debug|Any CPU
		Release|Any CPU = Release|Any CPU
	EndGlobalSection
	GlobalSection(ProjectConfigurationPlatforms) = postSolution
		{02016419-C94A-4970-9A9F-DC1293D93BCC}.Debug|Any CPU.ActiveCfg = Debug|Any CPU
		{02016419-C94A-4970-9A9F-DC1293D93BCC}.Debug|Any CPU.Build.0 = Debug|Any CPU
		{02016419-C94A-4970-9A9F-DC1293D93BCC}.Release|Any CPU.ActiveCfg = Release|Any CPU
		{02016419-C94A-4970-9A9F-DC1293D93BCC}.Release|Any CPU.Build.0 = Release|Any CPU
	EndGlobalSection
	GlobalSection(SolutionProperties) = preSolution
		HideSolutionNode = FALSE
	EndGlobalSection
	GlobalSection(ExtensibilityGlobals) = postSolution
		SolutionGuid = {8701087C-8B8C-41CF-A3E5-A507090459C3}
	EndGlobalSection
EndGlobal
